
Microsoft Visual Studio Solution File, Format Version 12.00
# Visual Studio Version 17
VisualStudioVersion = 17.8.34525.116
MinimumVisualStudioVersion = 10.0.40219.1
Project("{FAE04EC0-301F-11D3-BF4B-00C04F79EFBC}") = "DiceLine", "DiceLine\DiceLine.csproj", "{C9C4A0BF-919B-4760-8833-5B3ED4E35FF0}"
EndProject
Global
	GlobalSection(SolutionConfigurationPlatforms) = preSolution
		Debug|Any CPU = Debug|Any CPU
		Release|Any CPU = Release|Any CPU
	EndGlobalSection
	GlobalSection(ProjectConfigurationPlatforms) = postSolution
		{C9C4A0BF-919B-4760-8833-5B3ED4E35FF0}.Debug|Any CPU.ActiveCfg = Debug|Any CPU
		{C9C4A0BF-919B-4760-8833-5B3ED4E35FF0}.Debug|Any CPU.Build.0 = Debug|Any CPU
		{C9C4A0BF-919B-4760-8833-5B3ED4E35FF0}.Release|Any CPU.ActiveCfg = Release|Any CPU
		{C9C4A0BF-919B-4760-8833-5B3ED4E35FF0}.Release|Any CPU.Build.0 = Release|Any CPU
	EndGlobalSection
	GlobalSection(SolutionProperties) = preSolution
		HideSolutionNode = FALSE
	EndGlobalSection
	GlobalSection(ExtensibilityGlobals) = postSolution
		SolutionGuid = {BE27BD20-4679-4EAE-9F60-45C6E1A37722}
	EndGlobalSection
EndGlobal
